
Microsoft Visual Studio Solution File, Format Version 12.00
# Visual Studio Version 17
VisualStudioVersion = 17.5.002.0
MinimumVisualStudioVersion = 10.0.40219.1
Project("{9A19103F-16F7-4668-BE54-9A1E7A4F7556}") = "HelloDotnet", "HelloDotnet\HelloDotnet.csproj", "{E11F6C02-EC9C-45EB-BD30-103BFC7FD80B}"
EndProject
Project("{9A19103F-16F7-4668-BE54-9A1E7A4F7556}") = "OOPlecture", "OOPlecture\OOPlecture.csproj", "{EA3B5840-C16C-4CFD-A51D-E16E9F0AA9B3}"
EndProject
Project("{2150E333-8FDC-42A3-9474-1A3956D46DE8}") = "assignments", "assignments", "{3E072775-5C38-4473-A6D4-AEE103D3C34D}"
EndProject
Project("{2150E333-8FDC-42A3-9474-1A3956D46DE8}") = "week1", "week1", "{525EC5C1-57EC-4CFC-9110-1274E6743027}"
EndProject
Project("{9A19103F-16F7-4668-BE54-9A1E7A4F7556}") = "day1", "assignments\week1\day1\day1.csproj", "{A40B092B-B043-4306-AAB0-5A5FA8FCA354}"
EndProject
Global
	GlobalSection(SolutionConfigurationPlatforms) = preSolution
		Debug|Any CPU = Debug|Any CPU
		Release|Any CPU = Release|Any CPU
	EndGlobalSection
	GlobalSection(ProjectConfigurationPlatforms) = postSolution
		{E11F6C02-EC9C-45EB-BD30-103BFC7FD80B}.Debug|Any CPU.ActiveCfg = Debug|Any CPU
		{E11F6C02-EC9C-45EB-BD30-103BFC7FD80B}.Debug|Any CPU.Build.0 = Debug|Any CPU
		{E11F6C02-EC9C-45EB-BD30-103BFC7FD80B}.Release|Any CPU.ActiveCfg = Release|Any CPU
		{E11F6C02-EC9C-45EB-BD30-103BFC7FD80B}.Release|Any CPU.Build.0 = Release|Any CPU
		{EA3B5840-C16C-4CFD-A51D-E16E9F0AA9B3}.Debug|Any CPU.ActiveCfg = Debug|Any CPU
		{EA3B5840-C16C-4CFD-A51D-E16E9F0AA9B3}.Debug|Any CPU.Build.0 = Debug|Any CPU
		{EA3B5840-C16C-4CFD-A51D-E16E9F0AA9B3}.Release|Any CPU.ActiveCfg = Release|Any CPU
		{EA3B5840-C16C-4CFD-A51D-E16E9F0AA9B3}.Release|Any CPU.Build.0 = Release|Any CPU
		{A40B092B-B043-4306-AAB0-5A5FA8FCA354}.Debug|Any CPU.ActiveCfg = Debug|Any CPU
		{A40B092B-B043-4306-AAB0-5A5FA8FCA354}.Debug|Any CPU.Build.0 = Debug|Any CPU
		{A40B092B-B043-4306-AAB0-5A5FA8FCA354}.Release|Any CPU.ActiveCfg = Release|Any CPU
		{A40B092B-B043-4306-AAB0-5A5FA8FCA354}.Release|Any CPU.Build.0 = Release|Any CPU
	EndGlobalSection
	GlobalSection(SolutionProperties) = preSolution
		HideSolutionNode = FALSE
	EndGlobalSection
	GlobalSection(NestedProjects) = preSolution
		{525EC5C1-57EC-4CFC-9110-1274E6743027} = {3E072775-5C38-4473-A6D4-AEE103D3C34D}
		{A40B092B-B043-4306-AAB0-5A5FA8FCA354} = {525EC5C1-57EC-4CFC-9110-1274E6743027}
	EndGlobalSection
	GlobalSection(ExtensibilityGlobals) = postSolution
		SolutionGuid = {05BB5115-2FF2-4068-8119-B0399B57CCE6}
	EndGlobalSection
EndGlobal
